
Microsoft Visual Studio Solution File, Format Version 12.00
# Visual Studio Version 17
VisualStudioVersion = 17.13.35825.156
MinimumVisualStudioVersion = 10.0.40219.1
Project("{FAE04EC0-301F-11D3-BF4B-00C04F79EFBC}") = "ReceiptTracker", "ReceiptTracker\ReceiptTracker.csproj", "{80FFAD2D-1515-40D1-BC10-5FAB103E126B}"
EndProject
Project("{FAE04EC0-301F-11D3-BF4B-00C04F79EFBC}") = "ReceiptLogic", "ReceiptLogic\ReceiptLogic.csproj", "{6BFA504A-621A-48C7-8EC4-5973DE16A501}"
EndProject
Project("{FAE04EC0-301F-11D3-BF4B-00C04F79EFBC}") = "ReceiptDataLayer", "ReceiptDataLayer\ReceiptDataLayer.csproj", "{35742ED1-DE6E-453F-A3B5-528B5CE7C102}"
EndProject
Project("{FAE04EC0-301F-11D3-BF4B-00C04F79EFBC}") = "ReceiptCommon", "ReceiptCommon\ReceiptCommon.csproj", "{26C9D802-89D3-4D4F-B0FC-CF8AA150C11C}"
EndProject
Project("{FAE04EC0-301F-11D3-BF4B-00C04F79EFBC}") = "loginforms", "loginforms\loginforms.csproj", "{D3FBA09B-8BBD-4B5C-9DB0-E2A731C11868}"
EndProject
Project("{FAE04EC0-301F-11D3-BF4B-00C04F79EFBC}") = "ReceiptController", "ReceiptController\ReceiptController.csproj", "{BE36592A-1BCE-49BA-9157-640970A1979E}"
EndProject
Global
	GlobalSection(SolutionConfigurationPlatforms) = preSolution
		Debug|Any CPU = Debug|Any CPU
		Release|Any CPU = Release|Any CPU
	EndGlobalSection
	GlobalSection(ProjectConfigurationPlatforms) = postSolution
		{80FFAD2D-1515-40D1-BC10-5FAB103E126B}.Debug|Any CPU.ActiveCfg = Debug|Any CPU
		{80FFAD2D-1515-40D1-BC10-5FAB103E126B}.Debug|Any CPU.Build.0 = Debug|Any CPU
		{80FFAD2D-1515-40D1-BC10-5FAB103E126B}.Release|Any CPU.ActiveCfg = Release|Any CPU
		{80FFAD2D-1515-40D1-BC10-5FAB103E126B}.Release|Any CPU.Build.0 = Release|Any CPU
		{6BFA504A-621A-48C7-8EC4-5973DE16A501}.Debug|Any CPU.ActiveCfg = Debug|Any CPU
		{6BFA504A-621A-48C7-8EC4-5973DE16A501}.Debug|Any CPU.Build.0 = Debug|Any CPU
		{6BFA504A-621A-48C7-8EC4-5973DE16A501}.Release|Any CPU.ActiveCfg = Release|Any CPU
		{6BFA504A-621A-48C7-8EC4-5973DE16A501}.Release|Any CPU.Build.0 = Release|Any CPU
		{35742ED1-DE6E-453F-A3B5-528B5CE7C102}.Debug|Any CPU.ActiveCfg = Debug|Any CPU
		{35742ED1-DE6E-453F-A3B5-528B5CE7C102}.Debug|Any CPU.Build.0 = Debug|Any CPU
		{35742ED1-DE6E-453F-A3B5-528B5CE7C102}.Release|Any CPU.ActiveCfg = Release|Any CPU
		{35742ED1-DE6E-453F-A3B5-528B5CE7C102}.Release|Any CPU.Build.0 = Release|Any CPU
		{26C9D802-89D3-4D4F-B0FC-CF8AA150C11C}.Debug|Any CPU.ActiveCfg = Debug|Any CPU
		{26C9D802-89D3-4D4F-B0FC-CF8AA150C11C}.Debug|Any CPU.Build.0 = Debug|Any CPU
		{26C9D802-89D3-4D4F-B0FC-CF8AA150C11C}.Release|Any CPU.ActiveCfg = Release|Any CPU
		{26C9D802-89D3-4D4F-B0FC-CF8AA150C11C}.Release|Any CPU.Build.0 = Release|Any CPU
		{D3FBA09B-8BBD-4B5C-9DB0-E2A731C11868}.Debug|Any CPU.ActiveCfg = Debug|Any CPU
		{D3FBA09B-8BBD-4B5C-9DB0-E2A731C11868}.Debug|Any CPU.Build.0 = Debug|Any CPU
		{D3FBA09B-8BBD-4B5C-9DB0-E2A731C11868}.Release|Any CPU.ActiveCfg = Release|Any CPU
		{D3FBA09B-8BBD-4B5C-9DB0-E2A731C11868}.Release|Any CPU.Build.0 = Release|Any CPU
		{BE36592A-1BCE-49BA-9157-640970A1979E}.Debug|Any CPU.ActiveCfg = Debug|Any CPU
		{BE36592A-1BCE-49BA-9157-640970A1979E}.Debug|Any CPU.Build.0 = Debug|Any CPU
		{BE36592A-1BCE-49BA-9157-640970A1979E}.Release|Any CPU.ActiveCfg = Release|Any CPU
		{BE36592A-1BCE-49BA-9157-640970A1979E}.Release|Any CPU.Build.0 = Release|Any CPU
	EndGlobalSection
	GlobalSection(SolutionProperties) = preSolution
		HideSolutionNode = FALSE
	EndGlobalSection
	GlobalSection(ExtensibilityGlobals) = postSolution
		SolutionGuid = {8775E821-1568-45E7-ABF8-4011581768D0}
	EndGlobalSection
EndGlobal
