
Microsoft Visual Studio Solution File, Format Version 12.00
# Visual Studio Version 17
VisualStudioVersion = 17.13.35825.156 d17.13
MinimumVisualStudioVersion = 10.0.40219.1
Project("{FAE04EC0-301F-11D3-BF4B-00C04F79EFBC}") = "ReceiptTracker", "ReceiptTracker\ReceiptTracker.csproj", "{80FFAD2D-1515-40D1-BC10-5FAB103E126B}"
EndProject
Global
	GlobalSection(SolutionConfigurationPlatforms) = preSolution
		Debug|Any CPU = Debug|Any CPU
		Release|Any CPU = Release|Any CPU
	EndGlobalSection
	GlobalSection(ProjectConfigurationPlatforms) = postSolution
		{80FFAD2D-1515-40D1-BC10-5FAB103E126B}.Debug|Any CPU.ActiveCfg = Debug|Any CPU
		{80FFAD2D-1515-40D1-BC10-5FAB103E126B}.Debug|Any CPU.Build.0 = Debug|Any CPU
		{80FFAD2D-1515-40D1-BC10-5FAB103E126B}.Release|Any CPU.ActiveCfg = Release|Any CPU
		{80FFAD2D-1515-40D1-BC10-5FAB103E126B}.Release|Any CPU.Build.0 = Release|Any CPU
	EndGlobalSection
	GlobalSection(SolutionProperties) = preSolution
		HideSolutionNode = FALSE
	EndGlobalSection
	GlobalSection(ExtensibilityGlobals) = postSolution
		SolutionGuid = {8775E821-1568-45E7-ABF8-4011581768D0}
	EndGlobalSection
EndGlobal
